
Microsoft Visual Studio Solution File, Format Version 12.00
# Visual Studio Version 17
VisualStudioVersion = 17.0.31903.59
MinimumVisualStudioVersion = 10.0.40219.1
Project("{FAE04EC0-301F-11D3-BF4B-00C04F79EFBC}") = "Domain", "Domain\Domain.csproj", "{4A4A5840-E477-499D-93AD-67302C730C59}"
EndProject
Project("{FAE04EC0-301F-11D3-BF4B-00C04F79EFBC}") = "Infrastructure", "Infrastructure\Infrastructure.csproj", "{3043838F-8367-4FEF-A3BB-DA6E1DBEE69C}"
EndProject
Project("{FAE04EC0-301F-11D3-BF4B-00C04F79EFBC}") = "WebApi", "WebApi\WebApi.csproj", "{E8C61205-6139-4C32-90A9-E49C22271DF6}"
EndProject
Global
	GlobalSection(SolutionConfigurationPlatforms) = preSolution
		Debug|Any CPU = Debug|Any CPU
		Debug|x64 = Debug|x64
		Debug|x86 = Debug|x86
		Release|Any CPU = Release|Any CPU
		Release|x64 = Release|x64
		Release|x86 = Release|x86
	EndGlobalSection
	GlobalSection(ProjectConfigurationPlatforms) = postSolution
		{4A4A5840-E477-499D-93AD-67302C730C59}.Debug|Any CPU.ActiveCfg = Debug|Any CPU
		{4A4A5840-E477-499D-93AD-67302C730C59}.Debug|Any CPU.Build.0 = Debug|Any CPU
		{4A4A5840-E477-499D-93AD-67302C730C59}.Debug|x64.ActiveCfg = Debug|Any CPU
		{4A4A5840-E477-499D-93AD-67302C730C59}.Debug|x64.Build.0 = Debug|Any CPU
		{4A4A5840-E477-499D-93AD-67302C730C59}.Debug|x86.ActiveCfg = Debug|Any CPU
		{4A4A5840-E477-499D-93AD-67302C730C59}.Debug|x86.Build.0 = Debug|Any CPU
		{4A4A5840-E477-499D-93AD-67302C730C59}.Release|Any CPU.ActiveCfg = Release|Any CPU
		{4A4A5840-E477-499D-93AD-67302C730C59}.Release|Any CPU.Build.0 = Release|Any CPU
		{4A4A5840-E477-499D-93AD-67302C730C59}.Release|x64.ActiveCfg = Release|Any CPU
		{4A4A5840-E477-499D-93AD-67302C730C59}.Release|x64.Build.0 = Release|Any CPU
		{4A4A5840-E477-499D-93AD-67302C730C59}.Release|x86.ActiveCfg = Release|Any CPU
		{4A4A5840-E477-499D-93AD-67302C730C59}.Release|x86.Build.0 = Release|Any CPU
		{3043838F-8367-4FEF-A3BB-DA6E1DBEE69C}.Debug|Any CPU.ActiveCfg = Debug|Any CPU
		{3043838F-8367-4FEF-A3BB-DA6E1DBEE69C}.Debug|Any CPU.Build.0 = Debug|Any CPU
		{3043838F-8367-4FEF-A3BB-DA6E1DBEE69C}.Debug|x64.ActiveCfg = Debug|Any CPU
		{3043838F-8367-4FEF-A3BB-DA6E1DBEE69C}.Debug|x64.Build.0 = Debug|Any CPU
		{3043838F-8367-4FEF-A3BB-DA6E1DBEE69C}.Debug|x86.ActiveCfg = Debug|Any CPU
		{3043838F-8367-4FEF-A3BB-DA6E1DBEE69C}.Debug|x86.Build.0 = Debug|Any CPU
		{3043838F-8367-4FEF-A3BB-DA6E1DBEE69C}.Release|Any CPU.ActiveCfg = Release|Any CPU
		{3043838F-8367-4FEF-A3BB-DA6E1DBEE69C}.Release|Any CPU.Build.0 = Release|Any CPU
		{3043838F-8367-4FEF-A3BB-DA6E1DBEE69C}.Release|x64.ActiveCfg = Release|Any CPU
		{3043838F-8367-4FEF-A3BB-DA6E1DBEE69C}.Release|x64.Build.0 = Release|Any CPU
		{3043838F-8367-4FEF-A3BB-DA6E1DBEE69C}.Release|x86.ActiveCfg = Release|Any CPU
		{3043838F-8367-4FEF-A3BB-DA6E1DBEE69C}.Release|x86.Build.0 = Release|Any CPU
		{E8C61205-6139-4C32-90A9-E49C22271DF6}.Debug|Any CPU.ActiveCfg = Debug|Any CPU
		{E8C61205-6139-4C32-90A9-E49C22271DF6}.Debug|Any CPU.Build.0 = Debug|Any CPU
		{E8C61205-6139-4C32-90A9-E49C22271DF6}.Debug|x64.ActiveCfg = Debug|Any CPU
		{E8C61205-6139-4C32-90A9-E49C22271DF6}.Debug|x64.Build.0 = Debug|Any CPU
		{E8C61205-6139-4C32-90A9-E49C22271DF6}.Debug|x86.ActiveCfg = Debug|Any CPU
		{E8C61205-6139-4C32-90A9-E49C22271DF6}.Debug|x86.Build.0 = Debug|Any CPU
		{E8C61205-6139-4C32-90A9-E49C22271DF6}.Release|Any CPU.ActiveCfg = Release|Any CPU
		{E8C61205-6139-4C32-90A9-E49C22271DF6}.Release|Any CPU.Build.0 = Release|Any CPU
		{E8C61205-6139-4C32-90A9-E49C22271DF6}.Release|x64.ActiveCfg = Release|Any CPU
		{E8C61205-6139-4C32-90A9-E49C22271DF6}.Release|x64.Build.0 = Release|Any CPU
		{E8C61205-6139-4C32-90A9-E49C22271DF6}.Release|x86.ActiveCfg = Release|Any CPU
		{E8C61205-6139-4C32-90A9-E49C22271DF6}.Release|x86.Build.0 = Release|Any CPU
	EndGlobalSection
	GlobalSection(SolutionProperties) = preSolution
		HideSolutionNode = FALSE
	EndGlobalSection
EndGlobal
